
Microsoft Visual Studio Solution File, Format Version 12.00
# Visual Studio 15
VisualStudioVersion = 15.0.27428.2002
MinimumVisualStudioVersion = 10.0.40219.1
Project("{FAE04EC0-301F-11D3-BF4B-00C04F79EFBC}") = "ReverseALinkedList", "ReverseALinkedList\ReverseALinkedList.csproj", "{A7C13431-50D1-4A2A-92D3-02DA251EBA0E}"
EndProject
Project("{FAE04EC0-301F-11D3-BF4B-00C04F79EFBC}") = "PeakElement", "PeakElement\PeakElement.csproj", "{4BBB331B-5B86-45B8-AD56-9E62078DC3F1}"
EndProject
Project("{FAE04EC0-301F-11D3-BF4B-00C04F79EFBC}") = "TowerOfHanoi", "TowerOfHanoi\TowerOfHanoi.csproj", "{8262A7BA-8E63-4E39-B3BD-B31D6E1E51B6}"
EndProject
Project("{FAE04EC0-301F-11D3-BF4B-00C04F79EFBC}") = "Factorial", "Factorial\Factorial.csproj", "{89270128-01E1-4A1E-853E-8C0D08D6BE0D}"
EndProject
Project("{FAE04EC0-301F-11D3-BF4B-00C04F79EFBC}") = "Fibonacci", "Fibonacci\Fibonacci.csproj", "{96FFF5A7-FB58-4B28-99E4-F0CC2D38B0CC}"
EndProject
Project("{FAE04EC0-301F-11D3-BF4B-00C04F79EFBC}") = "GreatestCommonDivisor", "GreatestCommonDivisor\GreatestCommonDivisor.csproj", "{981DFB3C-B5CB-41A7-BDFC-7F0492A038A4}"
EndProject
Project("{FAE04EC0-301F-11D3-BF4B-00C04F79EFBC}") = "StringPermutation", "StringPermutation\StringPermutation.csproj", "{7FF75529-3C1F-40D1-8F40-7ACCF6794241}"
EndProject
Project("{FAE04EC0-301F-11D3-BF4B-00C04F79EFBC}") = "BSLowestCommonAncestor", "LowestCommonAncestor\BSLowestCommonAncestor.csproj", "{B3435605-CA58-4544-BB36-D5AF033CCDAB}"
EndProject
Project("{FAE04EC0-301F-11D3-BF4B-00C04F79EFBC}") = "BSTLowestCommonAncestor", "LowestCommonAncestorBST\BSTLowestCommonAncestor.csproj", "{9005A4C8-D4EC-4FD1-858D-4850553EB1DD}"
EndProject
Project("{FAE04EC0-301F-11D3-BF4B-00C04F79EFBC}") = "BSTFromSortedArray", "BSTFromSortedArray\BSTFromSortedArray.csproj", "{9FD07DDD-6C36-4D50-9DE5-9977C5F38E60}"
EndProject
Project("{FAE04EC0-301F-11D3-BF4B-00C04F79EFBC}") = "CheckBSaBST", "IsBSaBST\CheckBSaBST.csproj", "{FEDDA861-C121-45ED-A639-5B68D714C5D1}"
EndProject
Project("{FAE04EC0-301F-11D3-BF4B-00C04F79EFBC}") = "BSTSizeOfTree", "BSTSizeOfTree\BSTSizeOfTree.csproj", "{6AC6AC79-ACFE-43FE-AD73-5EE508693C9B}"
EndProject
Project("{FAE04EC0-301F-11D3-BF4B-00C04F79EFBC}") = "FizzBuzz", "FizzBuzz\FizzBuzz.csproj", "{39E3CAFD-3610-446A-9CAA-827D54C5BB83}"
EndProject
Project("{FAE04EC0-301F-11D3-BF4B-00C04F79EFBC}") = "NthFromLast", "NthFromLast\NthFromLast.csproj", "{C66B2DCC-DB37-4465-A0FE-D19370F36E5B}"
EndProject
Project("{FAE04EC0-301F-11D3-BF4B-00C04F79EFBC}") = "OnesInBinaryNumber", "OnesInBinaryNumber\OnesInBinaryNumber.csproj", "{3B0A7D60-B1A3-496C-AB37-788F04842A4F}"
EndProject
Project("{FAE04EC0-301F-11D3-BF4B-00C04F79EFBC}") = "CoinChangeDP", "CoinChangeDP\CoinChangeDP.csproj", "{C261294E-5428-4429-BD41-269F4A0ED6A2}"
EndProject
Project("{FAE04EC0-301F-11D3-BF4B-00C04F79EFBC}") = "CoinChangeRecursion", "CoinChangeRecursion\CoinChangeRecursion.csproj", "{0F6D282C-9AEE-4BAD-9FB6-272860972556}"
EndProject
Project("{FAE04EC0-301F-11D3-BF4B-00C04F79EFBC}") = "MaxStackConstantTime", "MaxStackConstantTime\MaxStackConstantTime.csproj", "{6E982FBD-9FBA-4C46-869C-1E0011EBA3BC}"
EndProject
Project("{FAE04EC0-301F-11D3-BF4B-00C04F79EFBC}") = "MinStackConstantTime", "MinStackConstantTime\MinStackConstantTime.csproj", "{1499AEB0-7D2F-4633-90B5-DE36673B0E7F}"
EndProject
Project("{FAE04EC0-301F-11D3-BF4B-00C04F79EFBC}") = "KnuthShuffle", "Knuth Shuffle\KnuthShuffle.csproj", "{A37746CD-7ABF-46D4-884F-2C957522AE11}"
EndProject
Project("{FAE04EC0-301F-11D3-BF4B-00C04F79EFBC}") = "Fibonacciwithmemoization", "Fibonacciwithmemoization\Fibonacciwithmemoization.csproj", "{90C24A7C-2D48-4A87-BA1E-10D408C65DA5}"
EndProject
Global
	GlobalSection(SolutionConfigurationPlatforms) = preSolution
		Debug|Any CPU = Debug|Any CPU
		Release|Any CPU = Release|Any CPU
	EndGlobalSection
	GlobalSection(ProjectConfigurationPlatforms) = postSolution
		{A7C13431-50D1-4A2A-92D3-02DA251EBA0E}.Debug|Any CPU.ActiveCfg = Debug|Any CPU
		{A7C13431-50D1-4A2A-92D3-02DA251EBA0E}.Debug|Any CPU.Build.0 = Debug|Any CPU
		{A7C13431-50D1-4A2A-92D3-02DA251EBA0E}.Release|Any CPU.ActiveCfg = Release|Any CPU
		{A7C13431-50D1-4A2A-92D3-02DA251EBA0E}.Release|Any CPU.Build.0 = Release|Any CPU
		{4BBB331B-5B86-45B8-AD56-9E62078DC3F1}.Debug|Any CPU.ActiveCfg = Debug|Any CPU
		{4BBB331B-5B86-45B8-AD56-9E62078DC3F1}.Debug|Any CPU.Build.0 = Debug|Any CPU
		{4BBB331B-5B86-45B8-AD56-9E62078DC3F1}.Release|Any CPU.ActiveCfg = Release|Any CPU
		{4BBB331B-5B86-45B8-AD56-9E62078DC3F1}.Release|Any CPU.Build.0 = Release|Any CPU
		{8262A7BA-8E63-4E39-B3BD-B31D6E1E51B6}.Debug|Any CPU.ActiveCfg = Debug|Any CPU
		{8262A7BA-8E63-4E39-B3BD-B31D6E1E51B6}.Debug|Any CPU.Build.0 = Debug|Any CPU
		{8262A7BA-8E63-4E39-B3BD-B31D6E1E51B6}.Release|Any CPU.ActiveCfg = Release|Any CPU
		{8262A7BA-8E63-4E39-B3BD-B31D6E1E51B6}.Release|Any CPU.Build.0 = Release|Any CPU
		{89270128-01E1-4A1E-853E-8C0D08D6BE0D}.Debug|Any CPU.ActiveCfg = Debug|Any CPU
		{89270128-01E1-4A1E-853E-8C0D08D6BE0D}.Debug|Any CPU.Build.0 = Debug|Any CPU
		{89270128-01E1-4A1E-853E-8C0D08D6BE0D}.Release|Any CPU.ActiveCfg = Release|Any CPU
		{89270128-01E1-4A1E-853E-8C0D08D6BE0D}.Release|Any CPU.Build.0 = Release|Any CPU
		{96FFF5A7-FB58-4B28-99E4-F0CC2D38B0CC}.Debug|Any CPU.ActiveCfg = Debug|Any CPU
		{96FFF5A7-FB58-4B28-99E4-F0CC2D38B0CC}.Debug|Any CPU.Build.0 = Debug|Any CPU
		{96FFF5A7-FB58-4B28-99E4-F0CC2D38B0CC}.Release|Any CPU.ActiveCfg = Release|Any CPU
		{96FFF5A7-FB58-4B28-99E4-F0CC2D38B0CC}.Release|Any CPU.Build.0 = Release|Any CPU
		{981DFB3C-B5CB-41A7-BDFC-7F0492A038A4}.Debug|Any CPU.ActiveCfg = Debug|Any CPU
		{981DFB3C-B5CB-41A7-BDFC-7F0492A038A4}.Debug|Any CPU.Build.0 = Debug|Any CPU
		{981DFB3C-B5CB-41A7-BDFC-7F0492A038A4}.Release|Any CPU.ActiveCfg = Release|Any CPU
		{981DFB3C-B5CB-41A7-BDFC-7F0492A038A4}.Release|Any CPU.Build.0 = Release|Any CPU
		{7FF75529-3C1F-40D1-8F40-7ACCF6794241}.Debug|Any CPU.ActiveCfg = Debug|Any CPU
		{7FF75529-3C1F-40D1-8F40-7ACCF6794241}.Debug|Any CPU.Build.0 = Debug|Any CPU
		{7FF75529-3C1F-40D1-8F40-7ACCF6794241}.Release|Any CPU.ActiveCfg = Release|Any CPU
		{7FF75529-3C1F-40D1-8F40-7ACCF6794241}.Release|Any CPU.Build.0 = Release|Any CPU
		{B3435605-CA58-4544-BB36-D5AF033CCDAB}.Debug|Any CPU.ActiveCfg = Debug|Any CPU
		{B3435605-CA58-4544-BB36-D5AF033CCDAB}.Debug|Any CPU.Build.0 = Debug|Any CPU
		{B3435605-CA58-4544-BB36-D5AF033CCDAB}.Release|Any CPU.ActiveCfg = Release|Any CPU
		{B3435605-CA58-4544-BB36-D5AF033CCDAB}.Release|Any CPU.Build.0 = Release|Any CPU
		{9005A4C8-D4EC-4FD1-858D-4850553EB1DD}.Debug|Any CPU.ActiveCfg = Debug|Any CPU
		{9005A4C8-D4EC-4FD1-858D-4850553EB1DD}.Debug|Any CPU.Build.0 = Debug|Any CPU
		{9005A4C8-D4EC-4FD1-858D-4850553EB1DD}.Release|Any CPU.ActiveCfg = Release|Any CPU
		{9005A4C8-D4EC-4FD1-858D-4850553EB1DD}.Release|Any CPU.Build.0 = Release|Any CPU
		{9FD07DDD-6C36-4D50-9DE5-9977C5F38E60}.Debug|Any CPU.ActiveCfg = Debug|Any CPU
		{9FD07DDD-6C36-4D50-9DE5-9977C5F38E60}.Debug|Any CPU.Build.0 = Debug|Any CPU
		{9FD07DDD-6C36-4D50-9DE5-9977C5F38E60}.Release|Any CPU.ActiveCfg = Release|Any CPU
		{9FD07DDD-6C36-4D50-9DE5-9977C5F38E60}.Release|Any CPU.Build.0 = Release|Any CPU
		{FEDDA861-C121-45ED-A639-5B68D714C5D1}.Debug|Any CPU.ActiveCfg = Debug|Any CPU
		{FEDDA861-C121-45ED-A639-5B68D714C5D1}.Debug|Any CPU.Build.0 = Debug|Any CPU
		{FEDDA861-C121-45ED-A639-5B68D714C5D1}.Release|Any CPU.ActiveCfg = Release|Any CPU
		{FEDDA861-C121-45ED-A639-5B68D714C5D1}.Release|Any CPU.Build.0 = Release|Any CPU
		{6AC6AC79-ACFE-43FE-AD73-5EE508693C9B}.Debug|Any CPU.ActiveCfg = Debug|Any CPU
		{6AC6AC79-ACFE-43FE-AD73-5EE508693C9B}.Debug|Any CPU.Build.0 = Debug|Any CPU
		{6AC6AC79-ACFE-43FE-AD73-5EE508693C9B}.Release|Any CPU.ActiveCfg = Release|Any CPU
		{6AC6AC79-ACFE-43FE-AD73-5EE508693C9B}.Release|Any CPU.Build.0 = Release|Any CPU
		{39E3CAFD-3610-446A-9CAA-827D54C5BB83}.Debug|Any CPU.ActiveCfg = Debug|Any CPU
		{39E3CAFD-3610-446A-9CAA-827D54C5BB83}.Debug|Any CPU.Build.0 = Debug|Any CPU
		{39E3CAFD-3610-446A-9CAA-827D54C5BB83}.Release|Any CPU.ActiveCfg = Release|Any CPU
		{39E3CAFD-3610-446A-9CAA-827D54C5BB83}.Release|Any CPU.Build.0 = Release|Any CPU
		{C66B2DCC-DB37-4465-A0FE-D19370F36E5B}.Debug|Any CPU.ActiveCfg = Debug|Any CPU
		{C66B2DCC-DB37-4465-A0FE-D19370F36E5B}.Debug|Any CPU.Build.0 = Debug|Any CPU
		{C66B2DCC-DB37-4465-A0FE-D19370F36E5B}.Release|Any CPU.ActiveCfg = Release|Any CPU
		{C66B2DCC-DB37-4465-A0FE-D19370F36E5B}.Release|Any CPU.Build.0 = Release|Any CPU
		{3B0A7D60-B1A3-496C-AB37-788F04842A4F}.Debug|Any CPU.ActiveCfg = Debug|Any CPU
		{3B0A7D60-B1A3-496C-AB37-788F04842A4F}.Debug|Any CPU.Build.0 = Debug|Any CPU
		{3B0A7D60-B1A3-496C-AB37-788F04842A4F}.Release|Any CPU.ActiveCfg = Release|Any CPU
		{3B0A7D60-B1A3-496C-AB37-788F04842A4F}.Release|Any CPU.Build.0 = Release|Any CPU
		{C261294E-5428-4429-BD41-269F4A0ED6A2}.Debug|Any CPU.ActiveCfg = Debug|Any CPU
		{C261294E-5428-4429-BD41-269F4A0ED6A2}.Debug|Any CPU.Build.0 = Debug|Any CPU
		{C261294E-5428-4429-BD41-269F4A0ED6A2}.Release|Any CPU.ActiveCfg = Release|Any CPU
		{C261294E-5428-4429-BD41-269F4A0ED6A2}.Release|Any CPU.Build.0 = Release|Any CPU
		{0F6D282C-9AEE-4BAD-9FB6-272860972556}.Debug|Any CPU.ActiveCfg = Debug|Any CPU
		{0F6D282C-9AEE-4BAD-9FB6-272860972556}.Debug|Any CPU.Build.0 = Debug|Any CPU
		{0F6D282C-9AEE-4BAD-9FB6-272860972556}.Release|Any CPU.ActiveCfg = Release|Any CPU
		{0F6D282C-9AEE-4BAD-9FB6-272860972556}.Release|Any CPU.Build.0 = Release|Any CPU
		{6E982FBD-9FBA-4C46-869C-1E0011EBA3BC}.Debug|Any CPU.ActiveCfg = Debug|Any CPU
		{6E982FBD-9FBA-4C46-869C-1E0011EBA3BC}.Debug|Any CPU.Build.0 = Debug|Any CPU
		{6E982FBD-9FBA-4C46-869C-1E0011EBA3BC}.Release|Any CPU.ActiveCfg = Release|Any CPU
		{6E982FBD-9FBA-4C46-869C-1E0011EBA3BC}.Release|Any CPU.Build.0 = Release|Any CPU
		{1499AEB0-7D2F-4633-90B5-DE36673B0E7F}.Debug|Any CPU.ActiveCfg = Debug|Any CPU
		{1499AEB0-7D2F-4633-90B5-DE36673B0E7F}.Debug|Any CPU.Build.0 = Debug|Any CPU
		{1499AEB0-7D2F-4633-90B5-DE36673B0E7F}.Release|Any CPU.ActiveCfg = Release|Any CPU
		{1499AEB0-7D2F-4633-90B5-DE36673B0E7F}.Release|Any CPU.Build.0 = Release|Any CPU
		{A37746CD-7ABF-46D4-884F-2C957522AE11}.Debug|Any CPU.ActiveCfg = Debug|Any CPU
		{A37746CD-7ABF-46D4-884F-2C957522AE11}.Debug|Any CPU.Build.0 = Debug|Any CPU
		{A37746CD-7ABF-46D4-884F-2C957522AE11}.Release|Any CPU.ActiveCfg = Release|Any CPU
		{A37746CD-7ABF-46D4-884F-2C957522AE11}.Release|Any CPU.Build.0 = Release|Any CPU
		{90C24A7C-2D48-4A87-BA1E-10D408C65DA5}.Debug|Any CPU.ActiveCfg = Debug|Any CPU
		{90C24A7C-2D48-4A87-BA1E-10D408C65DA5}.Debug|Any CPU.Build.0 = Debug|Any CPU
		{90C24A7C-2D48-4A87-BA1E-10D408C65DA5}.Release|Any CPU.ActiveCfg = Release|Any CPU
		{90C24A7C-2D48-4A87-BA1E-10D408C65DA5}.Release|Any CPU.Build.0 = Release|Any CPU
	EndGlobalSection
	GlobalSection(SolutionProperties) = preSolution
		HideSolutionNode = FALSE
	EndGlobalSection
	GlobalSection(ExtensibilityGlobals) = postSolution
		SolutionGuid = {40A5F09A-9782-4C2E-82E4-545BE911B172}
	EndGlobalSection
EndGlobal
