
Microsoft Visual Studio Solution File, Format Version 12.00
# Visual Studio 14
VisualStudioVersion = 14.0.25420.1
MinimumVisualStudioVersion = 10.0.40219.1
Project("{FAE04EC0-301F-11D3-BF4B-00C04F79EFBC}") = "ReverseALinkedList", "ReverseALinkedList\ReverseALinkedList.csproj", "{A7C13431-50D1-4A2A-92D3-02DA251EBA0E}"
EndProject
Project("{FAE04EC0-301F-11D3-BF4B-00C04F79EFBC}") = "PeakElement", "PeakElement\PeakElement.csproj", "{4BBB331B-5B86-45B8-AD56-9E62078DC3F1}"
EndProject
Project("{FAE04EC0-301F-11D3-BF4B-00C04F79EFBC}") = "TowerOfHanoi", "TowerOfHanoi\TowerOfHanoi.csproj", "{8262A7BA-8E63-4E39-B3BD-B31D6E1E51B6}"
EndProject
Project("{FAE04EC0-301F-11D3-BF4B-00C04F79EFBC}") = "Factorial", "Factorial\Factorial.csproj", "{89270128-01E1-4A1E-853E-8C0D08D6BE0D}"
EndProject
Project("{FAE04EC0-301F-11D3-BF4B-00C04F79EFBC}") = "Fibonacci", "Fibonacci\Fibonacci.csproj", "{96FFF5A7-FB58-4B28-99E4-F0CC2D38B0CC}"
EndProject
Project("{FAE04EC0-301F-11D3-BF4B-00C04F79EFBC}") = "GreatestCommonDivisor", "GreatestCommonDivisor\GreatestCommonDivisor.csproj", "{981DFB3C-B5CB-41A7-BDFC-7F0492A038A4}"
EndProject
Project("{FAE04EC0-301F-11D3-BF4B-00C04F79EFBC}") = "StringPermutation", "StringPermutation\StringPermutation.csproj", "{7FF75529-3C1F-40D1-8F40-7ACCF6794241}"
EndProject
Project("{FAE04EC0-301F-11D3-BF4B-00C04F79EFBC}") = "SinglyLinkedList", "SinglyLinkedList\SinglyLinkedList.csproj", "{3B0E1ADB-CA48-4A19-8C68-8C4E87B08340}"
EndProject
Project("{FAE04EC0-301F-11D3-BF4B-00C04F79EFBC}") = "SinglyLinkedList2", "SinglyLinkedList2\SinglyLinkedList2.csproj", "{0E0E41D7-3E40-48ED-A60A-570ADA2F2294}"
EndProject
Project("{FAE04EC0-301F-11D3-BF4B-00C04F79EFBC}") = "DoublyLinkedList", "DoublyLinkedList\DoublyLinkedList.csproj", "{9BDAAC6F-3FA0-4A9D-806A-C4A832CC69BE}"
EndProject
Project("{FAE04EC0-301F-11D3-BF4B-00C04F79EFBC}") = "Stack", "Stack\Stack.csproj", "{AB044C4A-3847-4D2F-BFF3-FA4068220DD0}"
EndProject
Project("{FAE04EC0-301F-11D3-BF4B-00C04F79EFBC}") = "Queue", "Queue\Queue.csproj", "{6CE28129-1A5B-4C22-8041-9C1D430586DC}"
EndProject
Project("{FAE04EC0-301F-11D3-BF4B-00C04F79EFBC}") = "Sort-Insertion", "InsertionSort\Sort-Insertion.csproj", "{988ADF3C-A35A-4FFF-99C6-6127DD61BE66}"
EndProject
Project("{FAE04EC0-301F-11D3-BF4B-00C04F79EFBC}") = "Sort-Selection", "Sort-Selection\Sort-Selection.csproj", "{D890172A-9B61-4729-9297-7F38C0AC8A69}"
EndProject
Project("{FAE04EC0-301F-11D3-BF4B-00C04F79EFBC}") = "Sort-Bubble", "Sort-Bubble\Sort-Bubble.csproj", "{D605AF74-FDDC-4BE9-9009-F8DD388C21C0}"
EndProject
Project("{FAE04EC0-301F-11D3-BF4B-00C04F79EFBC}") = "Sort-Quick", "Sort-Quick\Sort-Quick.csproj", "{50F4C717-8CB1-4AF8-870B-87F836B555EB}"
EndProject
Project("{FAE04EC0-301F-11D3-BF4B-00C04F79EFBC}") = "Sort-Merge", "Sort-Merge\Sort-Merge.csproj", "{BB4808D2-8B43-4423-8B27-C6E70FCAE412}"
EndProject
Project("{FAE04EC0-301F-11D3-BF4B-00C04F79EFBC}") = "Sort-Heap", "Sort-Heap\Sort-Heap.csproj", "{AFCEE7AD-EE12-40E2-92C7-587C581EF003}"
EndProject
Project("{FAE04EC0-301F-11D3-BF4B-00C04F79EFBC}") = "BinarySearchTree", "BinarySearchTree\BinarySearchTree.csproj", "{B59A1EFA-5F5E-48A8-BAF6-3CE485B56749}"
EndProject
Global
	GlobalSection(SolutionConfigurationPlatforms) = preSolution
		Debug|Any CPU = Debug|Any CPU
		Release|Any CPU = Release|Any CPU
	EndGlobalSection
	GlobalSection(ProjectConfigurationPlatforms) = postSolution
		{A7C13431-50D1-4A2A-92D3-02DA251EBA0E}.Debug|Any CPU.ActiveCfg = Debug|Any CPU
		{A7C13431-50D1-4A2A-92D3-02DA251EBA0E}.Debug|Any CPU.Build.0 = Debug|Any CPU
		{A7C13431-50D1-4A2A-92D3-02DA251EBA0E}.Release|Any CPU.ActiveCfg = Release|Any CPU
		{A7C13431-50D1-4A2A-92D3-02DA251EBA0E}.Release|Any CPU.Build.0 = Release|Any CPU
		{4BBB331B-5B86-45B8-AD56-9E62078DC3F1}.Debug|Any CPU.ActiveCfg = Debug|Any CPU
		{4BBB331B-5B86-45B8-AD56-9E62078DC3F1}.Debug|Any CPU.Build.0 = Debug|Any CPU
		{4BBB331B-5B86-45B8-AD56-9E62078DC3F1}.Release|Any CPU.ActiveCfg = Release|Any CPU
		{4BBB331B-5B86-45B8-AD56-9E62078DC3F1}.Release|Any CPU.Build.0 = Release|Any CPU
		{8262A7BA-8E63-4E39-B3BD-B31D6E1E51B6}.Debug|Any CPU.ActiveCfg = Debug|Any CPU
		{8262A7BA-8E63-4E39-B3BD-B31D6E1E51B6}.Debug|Any CPU.Build.0 = Debug|Any CPU
		{8262A7BA-8E63-4E39-B3BD-B31D6E1E51B6}.Release|Any CPU.ActiveCfg = Release|Any CPU
		{8262A7BA-8E63-4E39-B3BD-B31D6E1E51B6}.Release|Any CPU.Build.0 = Release|Any CPU
		{89270128-01E1-4A1E-853E-8C0D08D6BE0D}.Debug|Any CPU.ActiveCfg = Debug|Any CPU
		{89270128-01E1-4A1E-853E-8C0D08D6BE0D}.Debug|Any CPU.Build.0 = Debug|Any CPU
		{89270128-01E1-4A1E-853E-8C0D08D6BE0D}.Release|Any CPU.ActiveCfg = Release|Any CPU
		{89270128-01E1-4A1E-853E-8C0D08D6BE0D}.Release|Any CPU.Build.0 = Release|Any CPU
		{96FFF5A7-FB58-4B28-99E4-F0CC2D38B0CC}.Debug|Any CPU.ActiveCfg = Debug|Any CPU
		{96FFF5A7-FB58-4B28-99E4-F0CC2D38B0CC}.Debug|Any CPU.Build.0 = Debug|Any CPU
		{96FFF5A7-FB58-4B28-99E4-F0CC2D38B0CC}.Release|Any CPU.ActiveCfg = Release|Any CPU
		{96FFF5A7-FB58-4B28-99E4-F0CC2D38B0CC}.Release|Any CPU.Build.0 = Release|Any CPU
		{981DFB3C-B5CB-41A7-BDFC-7F0492A038A4}.Debug|Any CPU.ActiveCfg = Debug|Any CPU
		{981DFB3C-B5CB-41A7-BDFC-7F0492A038A4}.Debug|Any CPU.Build.0 = Debug|Any CPU
		{981DFB3C-B5CB-41A7-BDFC-7F0492A038A4}.Release|Any CPU.ActiveCfg = Release|Any CPU
		{981DFB3C-B5CB-41A7-BDFC-7F0492A038A4}.Release|Any CPU.Build.0 = Release|Any CPU
		{7FF75529-3C1F-40D1-8F40-7ACCF6794241}.Debug|Any CPU.ActiveCfg = Debug|Any CPU
		{7FF75529-3C1F-40D1-8F40-7ACCF6794241}.Debug|Any CPU.Build.0 = Debug|Any CPU
		{7FF75529-3C1F-40D1-8F40-7ACCF6794241}.Release|Any CPU.ActiveCfg = Release|Any CPU
		{7FF75529-3C1F-40D1-8F40-7ACCF6794241}.Release|Any CPU.Build.0 = Release|Any CPU
		{3B0E1ADB-CA48-4A19-8C68-8C4E87B08340}.Debug|Any CPU.ActiveCfg = Debug|Any CPU
		{3B0E1ADB-CA48-4A19-8C68-8C4E87B08340}.Debug|Any CPU.Build.0 = Debug|Any CPU
		{3B0E1ADB-CA48-4A19-8C68-8C4E87B08340}.Release|Any CPU.ActiveCfg = Release|Any CPU
		{3B0E1ADB-CA48-4A19-8C68-8C4E87B08340}.Release|Any CPU.Build.0 = Release|Any CPU
		{0E0E41D7-3E40-48ED-A60A-570ADA2F2294}.Debug|Any CPU.ActiveCfg = Debug|Any CPU
		{0E0E41D7-3E40-48ED-A60A-570ADA2F2294}.Debug|Any CPU.Build.0 = Debug|Any CPU
		{0E0E41D7-3E40-48ED-A60A-570ADA2F2294}.Release|Any CPU.ActiveCfg = Release|Any CPU
		{0E0E41D7-3E40-48ED-A60A-570ADA2F2294}.Release|Any CPU.Build.0 = Release|Any CPU
		{9BDAAC6F-3FA0-4A9D-806A-C4A832CC69BE}.Debug|Any CPU.ActiveCfg = Debug|Any CPU
		{9BDAAC6F-3FA0-4A9D-806A-C4A832CC69BE}.Debug|Any CPU.Build.0 = Debug|Any CPU
		{9BDAAC6F-3FA0-4A9D-806A-C4A832CC69BE}.Release|Any CPU.ActiveCfg = Release|Any CPU
		{9BDAAC6F-3FA0-4A9D-806A-C4A832CC69BE}.Release|Any CPU.Build.0 = Release|Any CPU
		{AB044C4A-3847-4D2F-BFF3-FA4068220DD0}.Debug|Any CPU.ActiveCfg = Debug|Any CPU
		{AB044C4A-3847-4D2F-BFF3-FA4068220DD0}.Debug|Any CPU.Build.0 = Debug|Any CPU
		{AB044C4A-3847-4D2F-BFF3-FA4068220DD0}.Release|Any CPU.ActiveCfg = Release|Any CPU
		{AB044C4A-3847-4D2F-BFF3-FA4068220DD0}.Release|Any CPU.Build.0 = Release|Any CPU
		{6CE28129-1A5B-4C22-8041-9C1D430586DC}.Debug|Any CPU.ActiveCfg = Debug|Any CPU
		{6CE28129-1A5B-4C22-8041-9C1D430586DC}.Debug|Any CPU.Build.0 = Debug|Any CPU
		{6CE28129-1A5B-4C22-8041-9C1D430586DC}.Release|Any CPU.ActiveCfg = Release|Any CPU
		{6CE28129-1A5B-4C22-8041-9C1D430586DC}.Release|Any CPU.Build.0 = Release|Any CPU
		{988ADF3C-A35A-4FFF-99C6-6127DD61BE66}.Debug|Any CPU.ActiveCfg = Debug|Any CPU
		{988ADF3C-A35A-4FFF-99C6-6127DD61BE66}.Debug|Any CPU.Build.0 = Debug|Any CPU
		{988ADF3C-A35A-4FFF-99C6-6127DD61BE66}.Release|Any CPU.ActiveCfg = Release|Any CPU
		{988ADF3C-A35A-4FFF-99C6-6127DD61BE66}.Release|Any CPU.Build.0 = Release|Any CPU
		{D890172A-9B61-4729-9297-7F38C0AC8A69}.Debug|Any CPU.ActiveCfg = Debug|Any CPU
		{D890172A-9B61-4729-9297-7F38C0AC8A69}.Debug|Any CPU.Build.0 = Debug|Any CPU
		{D890172A-9B61-4729-9297-7F38C0AC8A69}.Release|Any CPU.ActiveCfg = Release|Any CPU
		{D890172A-9B61-4729-9297-7F38C0AC8A69}.Release|Any CPU.Build.0 = Release|Any CPU
		{D605AF74-FDDC-4BE9-9009-F8DD388C21C0}.Debug|Any CPU.ActiveCfg = Debug|Any CPU
		{D605AF74-FDDC-4BE9-9009-F8DD388C21C0}.Debug|Any CPU.Build.0 = Debug|Any CPU
		{D605AF74-FDDC-4BE9-9009-F8DD388C21C0}.Release|Any CPU.ActiveCfg = Release|Any CPU
		{D605AF74-FDDC-4BE9-9009-F8DD388C21C0}.Release|Any CPU.Build.0 = Release|Any CPU
		{50F4C717-8CB1-4AF8-870B-87F836B555EB}.Debug|Any CPU.ActiveCfg = Debug|Any CPU
		{50F4C717-8CB1-4AF8-870B-87F836B555EB}.Debug|Any CPU.Build.0 = Debug|Any CPU
		{50F4C717-8CB1-4AF8-870B-87F836B555EB}.Release|Any CPU.ActiveCfg = Release|Any CPU
		{50F4C717-8CB1-4AF8-870B-87F836B555EB}.Release|Any CPU.Build.0 = Release|Any CPU
		{BB4808D2-8B43-4423-8B27-C6E70FCAE412}.Debug|Any CPU.ActiveCfg = Debug|Any CPU
		{BB4808D2-8B43-4423-8B27-C6E70FCAE412}.Debug|Any CPU.Build.0 = Debug|Any CPU
		{BB4808D2-8B43-4423-8B27-C6E70FCAE412}.Release|Any CPU.ActiveCfg = Release|Any CPU
		{BB4808D2-8B43-4423-8B27-C6E70FCAE412}.Release|Any CPU.Build.0 = Release|Any CPU
		{AFCEE7AD-EE12-40E2-92C7-587C581EF003}.Debug|Any CPU.ActiveCfg = Debug|Any CPU
		{AFCEE7AD-EE12-40E2-92C7-587C581EF003}.Debug|Any CPU.Build.0 = Debug|Any CPU
		{AFCEE7AD-EE12-40E2-92C7-587C581EF003}.Release|Any CPU.ActiveCfg = Release|Any CPU
		{AFCEE7AD-EE12-40E2-92C7-587C581EF003}.Release|Any CPU.Build.0 = Release|Any CPU
		{B59A1EFA-5F5E-48A8-BAF6-3CE485B56749}.Debug|Any CPU.ActiveCfg = Debug|Any CPU
		{B59A1EFA-5F5E-48A8-BAF6-3CE485B56749}.Debug|Any CPU.Build.0 = Debug|Any CPU
		{B59A1EFA-5F5E-48A8-BAF6-3CE485B56749}.Release|Any CPU.ActiveCfg = Release|Any CPU
		{B59A1EFA-5F5E-48A8-BAF6-3CE485B56749}.Release|Any CPU.Build.0 = Release|Any CPU
	EndGlobalSection
	GlobalSection(SolutionProperties) = preSolution
		HideSolutionNode = FALSE
	EndGlobalSection
EndGlobal
